
Microsoft Visual Studio Solution File, Format Version 12.00
# Visual Studio 14
VisualStudioVersion = 14.0.25123.0
MinimumVisualStudioVersion = 10.0.40219.1
Project("{FAE04EC0-301F-11D3-BF4B-00C04F79EFBC}") = "01. Fill the matrix", "01. Fill the matrix\01. Fill the matrix.csproj", "{97CDFA86-2140-436D-BCBB-C9058AE51D52}"
EndProject
Project("{FAE04EC0-301F-11D3-BF4B-00C04F79EFBC}") = "02. Maximal sum", "02. Maximal sum\02. Maximal sum.csproj", "{C123651E-53CF-4169-8465-8282B9C5CB33}"
EndProject
Project("{FAE04EC0-301F-11D3-BF4B-00C04F79EFBC}") = "03. Sequence in matrix", "03. Sequence in matrix\03. Sequence in matrix.csproj", "{FBFF0D40-1D53-4AC0-8C87-195D5AD72DF4}"
EndProject
Project("{FAE04EC0-301F-11D3-BF4B-00C04F79EFBC}") = "07. Largest area in matrix", "07. Largest area in matrix\07. Largest area in matrix.csproj", "{1DA69D61-0A84-4F46-8EF3-9FC5527CA77C}"
EndProject
Project("{FAE04EC0-301F-11D3-BF4B-00C04F79EFBC}") = "07. Largest area in matrix v.2", "07. Largest area in matrix v.2\07. Largest area in matrix v.2.csproj", "{A015C28C-DEE4-4E5E-BFD3-A0122B5C735D}"
EndProject
Project("{FAE04EC0-301F-11D3-BF4B-00C04F79EFBC}") = "07. Largest area in matrix v.3", "07. Largest area in matrix v.3\07. Largest area in matrix v.3.csproj", "{E55E53C9-C520-4958-8355-E3D61F71DAB9}"
EndProject
Project("{FAE04EC0-301F-11D3-BF4B-00C04F79EFBC}") = "04. Binary search", "04. Binary search\04. Binary search.csproj", "{32063D4A-EEBB-499C-BBCB-8361C28F3972}"
EndProject
Project("{FAE04EC0-301F-11D3-BF4B-00C04F79EFBC}") = "05. Sort by string length", "5. Sort by string length\05. Sort by string length.csproj", "{7B7FFA51-6EEA-4266-83DD-11E3992A7C8A}"
EndProject
Project("{FAE04EC0-301F-11D3-BF4B-00C04F79EFBC}") = "06. Matrix class", "06. Matrix class\06. Matrix class.csproj", "{731B1178-ECF6-4F02-A6D9-4528AAFEA0E0}"
EndProject
Global
	GlobalSection(SolutionConfigurationPlatforms) = preSolution
		Debug|Any CPU = Debug|Any CPU
		Release|Any CPU = Release|Any CPU
	EndGlobalSection
	GlobalSection(ProjectConfigurationPlatforms) = postSolution
		{97CDFA86-2140-436D-BCBB-C9058AE51D52}.Debug|Any CPU.ActiveCfg = Debug|Any CPU
		{97CDFA86-2140-436D-BCBB-C9058AE51D52}.Debug|Any CPU.Build.0 = Debug|Any CPU
		{97CDFA86-2140-436D-BCBB-C9058AE51D52}.Release|Any CPU.ActiveCfg = Release|Any CPU
		{97CDFA86-2140-436D-BCBB-C9058AE51D52}.Release|Any CPU.Build.0 = Release|Any CPU
		{C123651E-53CF-4169-8465-8282B9C5CB33}.Debug|Any CPU.ActiveCfg = Debug|Any CPU
		{C123651E-53CF-4169-8465-8282B9C5CB33}.Debug|Any CPU.Build.0 = Debug|Any CPU
		{C123651E-53CF-4169-8465-8282B9C5CB33}.Release|Any CPU.ActiveCfg = Release|Any CPU
		{C123651E-53CF-4169-8465-8282B9C5CB33}.Release|Any CPU.Build.0 = Release|Any CPU
		{FBFF0D40-1D53-4AC0-8C87-195D5AD72DF4}.Debug|Any CPU.ActiveCfg = Debug|Any CPU
		{FBFF0D40-1D53-4AC0-8C87-195D5AD72DF4}.Debug|Any CPU.Build.0 = Debug|Any CPU
		{FBFF0D40-1D53-4AC0-8C87-195D5AD72DF4}.Release|Any CPU.ActiveCfg = Release|Any CPU
		{FBFF0D40-1D53-4AC0-8C87-195D5AD72DF4}.Release|Any CPU.Build.0 = Release|Any CPU
		{1DA69D61-0A84-4F46-8EF3-9FC5527CA77C}.Debug|Any CPU.ActiveCfg = Debug|Any CPU
		{1DA69D61-0A84-4F46-8EF3-9FC5527CA77C}.Debug|Any CPU.Build.0 = Debug|Any CPU
		{1DA69D61-0A84-4F46-8EF3-9FC5527CA77C}.Release|Any CPU.ActiveCfg = Release|Any CPU
		{1DA69D61-0A84-4F46-8EF3-9FC5527CA77C}.Release|Any CPU.Build.0 = Release|Any CPU
		{A015C28C-DEE4-4E5E-BFD3-A0122B5C735D}.Debug|Any CPU.ActiveCfg = Debug|Any CPU
		{A015C28C-DEE4-4E5E-BFD3-A0122B5C735D}.Debug|Any CPU.Build.0 = Debug|Any CPU
		{A015C28C-DEE4-4E5E-BFD3-A0122B5C735D}.Release|Any CPU.ActiveCfg = Release|Any CPU
		{A015C28C-DEE4-4E5E-BFD3-A0122B5C735D}.Release|Any CPU.Build.0 = Release|Any CPU
		{E55E53C9-C520-4958-8355-E3D61F71DAB9}.Debug|Any CPU.ActiveCfg = Debug|Any CPU
		{E55E53C9-C520-4958-8355-E3D61F71DAB9}.Debug|Any CPU.Build.0 = Debug|Any CPU
		{E55E53C9-C520-4958-8355-E3D61F71DAB9}.Release|Any CPU.ActiveCfg = Release|Any CPU
		{E55E53C9-C520-4958-8355-E3D61F71DAB9}.Release|Any CPU.Build.0 = Release|Any CPU
		{32063D4A-EEBB-499C-BBCB-8361C28F3972}.Debug|Any CPU.ActiveCfg = Debug|Any CPU
		{32063D4A-EEBB-499C-BBCB-8361C28F3972}.Debug|Any CPU.Build.0 = Debug|Any CPU
		{32063D4A-EEBB-499C-BBCB-8361C28F3972}.Release|Any CPU.ActiveCfg = Release|Any CPU
		{32063D4A-EEBB-499C-BBCB-8361C28F3972}.Release|Any CPU.Build.0 = Release|Any CPU
		{7B7FFA51-6EEA-4266-83DD-11E3992A7C8A}.Debug|Any CPU.ActiveCfg = Debug|Any CPU
		{7B7FFA51-6EEA-4266-83DD-11E3992A7C8A}.Debug|Any CPU.Build.0 = Debug|Any CPU
		{7B7FFA51-6EEA-4266-83DD-11E3992A7C8A}.Release|Any CPU.ActiveCfg = Release|Any CPU
		{7B7FFA51-6EEA-4266-83DD-11E3992A7C8A}.Release|Any CPU.Build.0 = Release|Any CPU
		{731B1178-ECF6-4F02-A6D9-4528AAFEA0E0}.Debug|Any CPU.ActiveCfg = Debug|Any CPU
		{731B1178-ECF6-4F02-A6D9-4528AAFEA0E0}.Debug|Any CPU.Build.0 = Debug|Any CPU
		{731B1178-ECF6-4F02-A6D9-4528AAFEA0E0}.Release|Any CPU.ActiveCfg = Release|Any CPU
		{731B1178-ECF6-4F02-A6D9-4528AAFEA0E0}.Release|Any CPU.Build.0 = Release|Any CPU
	EndGlobalSection
	GlobalSection(SolutionProperties) = preSolution
		HideSolutionNode = FALSE
	EndGlobalSection
EndGlobal
