
Microsoft Visual Studio Solution File, Format Version 12.00
# Visual Studio 14
VisualStudioVersion = 14.0.25123.0
MinimumVisualStudioVersion = 10.0.40219.1
Project("{FAE04EC0-301F-11D3-BF4B-00C04F79EFBC}") = "01. Square root", "01. Square root\01. Square root.csproj", "{52BEE548-FAA4-4D85-BE0E-43273979AD27}"
EndProject
Project("{FAE04EC0-301F-11D3-BF4B-00C04F79EFBC}") = "02. Enter numbers", "02. Enter numbers\02. Enter numbers.csproj", "{A0DACA44-DC78-44C4-BA02-58F928C7BA43}"
EndProject
Project("{FAE04EC0-301F-11D3-BF4B-00C04F79EFBC}") = "03. Read file contents", "08.03 Read file contents\03. Read file contents.csproj", "{BC1130E8-7DFC-4C93-9C12-E9C9D580F70E}"
EndProject
Project("{FAE04EC0-301F-11D3-BF4B-00C04F79EFBC}") = "04. Download file", "04. Download file\04. Download file.csproj", "{83858E49-6FCA-4B77-9A77-F4D7DC3FD74D}"
EndProject
Global
	GlobalSection(SolutionConfigurationPlatforms) = preSolution
		Debug|Any CPU = Debug|Any CPU
		Release|Any CPU = Release|Any CPU
	EndGlobalSection
	GlobalSection(ProjectConfigurationPlatforms) = postSolution
		{52BEE548-FAA4-4D85-BE0E-43273979AD27}.Debug|Any CPU.ActiveCfg = Debug|Any CPU
		{52BEE548-FAA4-4D85-BE0E-43273979AD27}.Debug|Any CPU.Build.0 = Debug|Any CPU
		{52BEE548-FAA4-4D85-BE0E-43273979AD27}.Release|Any CPU.ActiveCfg = Release|Any CPU
		{52BEE548-FAA4-4D85-BE0E-43273979AD27}.Release|Any CPU.Build.0 = Release|Any CPU
		{A0DACA44-DC78-44C4-BA02-58F928C7BA43}.Debug|Any CPU.ActiveCfg = Debug|Any CPU
		{A0DACA44-DC78-44C4-BA02-58F928C7BA43}.Debug|Any CPU.Build.0 = Debug|Any CPU
		{A0DACA44-DC78-44C4-BA02-58F928C7BA43}.Release|Any CPU.ActiveCfg = Release|Any CPU
		{A0DACA44-DC78-44C4-BA02-58F928C7BA43}.Release|Any CPU.Build.0 = Release|Any CPU
		{BC1130E8-7DFC-4C93-9C12-E9C9D580F70E}.Debug|Any CPU.ActiveCfg = Debug|Any CPU
		{BC1130E8-7DFC-4C93-9C12-E9C9D580F70E}.Debug|Any CPU.Build.0 = Debug|Any CPU
		{BC1130E8-7DFC-4C93-9C12-E9C9D580F70E}.Release|Any CPU.ActiveCfg = Release|Any CPU
		{BC1130E8-7DFC-4C93-9C12-E9C9D580F70E}.Release|Any CPU.Build.0 = Release|Any CPU
		{83858E49-6FCA-4B77-9A77-F4D7DC3FD74D}.Debug|Any CPU.ActiveCfg = Debug|Any CPU
		{83858E49-6FCA-4B77-9A77-F4D7DC3FD74D}.Debug|Any CPU.Build.0 = Debug|Any CPU
		{83858E49-6FCA-4B77-9A77-F4D7DC3FD74D}.Release|Any CPU.ActiveCfg = Release|Any CPU
		{83858E49-6FCA-4B77-9A77-F4D7DC3FD74D}.Release|Any CPU.Build.0 = Release|Any CPU
	EndGlobalSection
	GlobalSection(SolutionProperties) = preSolution
		HideSolutionNode = FALSE
	EndGlobalSection
EndGlobal
