
Microsoft Visual Studio Solution File, Format Version 12.00
# Visual Studio 14
VisualStudioVersion = 14.0.25123.0
MinimumVisualStudioVersion = 10.0.40219.1
Project("{FAE04EC0-301F-11D3-BF4B-00C04F79EFBC}") = "01. Say Hello", "01. Say Hello\01. Say Hello.csproj", "{26122094-18CB-44E5-953A-E794A2A5CCBF}"
EndProject
Project("{FAE04EC0-301F-11D3-BF4B-00C04F79EFBC}") = "02. Get largest number", "02. Get largest number\02. Get largest number.csproj", "{F56693D5-3679-46E9-B04E-4CD125AE82AF}"
EndProject
Project("{FAE04EC0-301F-11D3-BF4B-00C04F79EFBC}") = "03. English digit", "03. English digit\03. English digit.csproj", "{F4B40761-B1CF-42BD-BB16-A9986EBF6858}"
EndProject
Project("{FAE04EC0-301F-11D3-BF4B-00C04F79EFBC}") = "04. Appearance count", "04. Appearance count\04. Appearance count.csproj", "{6E416E70-0025-426C-90A8-7C421F2B186D}"
EndProject
Project("{FAE04EC0-301F-11D3-BF4B-00C04F79EFBC}") = "05. Larger than neighbours", "05. Larger than neighbours\05. Larger than neighbours.csproj", "{810F0B0F-251B-41B0-B72D-6CAC1CF0AD8E}"
EndProject
Project("{FAE04EC0-301F-11D3-BF4B-00C04F79EFBC}") = "06. First larger than neighbours", "06. First larger than neighbours\06. First larger than neighbours.csproj", "{8335C020-6A6A-4624-9A42-3D336E79F8A0}"
EndProject
Project("{FAE04EC0-301F-11D3-BF4B-00C04F79EFBC}") = "07. Reverse number", "07. Reverse number\07. Reverse number.csproj", "{E5C60062-42CF-43EF-97F0-9D304276CAB6}"
EndProject
Project("{FAE04EC0-301F-11D3-BF4B-00C04F79EFBC}") = "08. Number as array", "08. Number as array\08. Number as array.csproj", "{E42579E2-FE68-482D-AED8-D950D6844E37}"
EndProject
Project("{FAE04EC0-301F-11D3-BF4B-00C04F79EFBC}") = "09. Sorting array", "09. Sorting array\09. Sorting array.csproj", "{BC0CEF79-28B4-458C-832A-3B3AEBBBA1BA}"
EndProject
Project("{FAE04EC0-301F-11D3-BF4B-00C04F79EFBC}") = "10. N Factorial", "10. N Factorial\10. N Factorial.csproj", "{4BC778A5-D823-48FD-A0A0-F65F59A1B184}"
EndProject
Project("{FAE04EC0-301F-11D3-BF4B-00C04F79EFBC}") = "11. Adding polynomials", "11. Adding polynomials\11. Adding polynomials.csproj", "{A16AFDD2-AE90-416B-9872-076951547702}"
EndProject
Project("{FAE04EC0-301F-11D3-BF4B-00C04F79EFBC}") = "14. Integer calculations", "14. Integer calculations\14. Integer calculations.csproj", "{9E46889B-772D-4C93-99F4-C56BC73B706A}"
EndProject
Project("{FAE04EC0-301F-11D3-BF4B-00C04F79EFBC}") = "12. Subtracting polynomials", "12. Subtracting polynomials\12. Subtracting polynomials.csproj", "{EB4B2A79-45CD-4979-A3AD-EBFD516FD5F9}"
EndProject
Project("{FAE04EC0-301F-11D3-BF4B-00C04F79EFBC}") = "15. Number calculations", "15. Number calculations\15. Number calculations.csproj", "{DF015CBB-188A-45F2-8A35-FC3F03E6717C}"
EndProject
Global
	GlobalSection(SolutionConfigurationPlatforms) = preSolution
		Debug|Any CPU = Debug|Any CPU
		Release|Any CPU = Release|Any CPU
	EndGlobalSection
	GlobalSection(ProjectConfigurationPlatforms) = postSolution
		{26122094-18CB-44E5-953A-E794A2A5CCBF}.Debug|Any CPU.ActiveCfg = Debug|Any CPU
		{26122094-18CB-44E5-953A-E794A2A5CCBF}.Debug|Any CPU.Build.0 = Debug|Any CPU
		{26122094-18CB-44E5-953A-E794A2A5CCBF}.Release|Any CPU.ActiveCfg = Release|Any CPU
		{26122094-18CB-44E5-953A-E794A2A5CCBF}.Release|Any CPU.Build.0 = Release|Any CPU
		{F56693D5-3679-46E9-B04E-4CD125AE82AF}.Debug|Any CPU.ActiveCfg = Debug|Any CPU
		{F56693D5-3679-46E9-B04E-4CD125AE82AF}.Debug|Any CPU.Build.0 = Debug|Any CPU
		{F56693D5-3679-46E9-B04E-4CD125AE82AF}.Release|Any CPU.ActiveCfg = Release|Any CPU
		{F56693D5-3679-46E9-B04E-4CD125AE82AF}.Release|Any CPU.Build.0 = Release|Any CPU
		{F4B40761-B1CF-42BD-BB16-A9986EBF6858}.Debug|Any CPU.ActiveCfg = Debug|Any CPU
		{F4B40761-B1CF-42BD-BB16-A9986EBF6858}.Debug|Any CPU.Build.0 = Debug|Any CPU
		{F4B40761-B1CF-42BD-BB16-A9986EBF6858}.Release|Any CPU.ActiveCfg = Release|Any CPU
		{F4B40761-B1CF-42BD-BB16-A9986EBF6858}.Release|Any CPU.Build.0 = Release|Any CPU
		{6E416E70-0025-426C-90A8-7C421F2B186D}.Debug|Any CPU.ActiveCfg = Debug|Any CPU
		{6E416E70-0025-426C-90A8-7C421F2B186D}.Debug|Any CPU.Build.0 = Debug|Any CPU
		{6E416E70-0025-426C-90A8-7C421F2B186D}.Release|Any CPU.ActiveCfg = Release|Any CPU
		{6E416E70-0025-426C-90A8-7C421F2B186D}.Release|Any CPU.Build.0 = Release|Any CPU
		{810F0B0F-251B-41B0-B72D-6CAC1CF0AD8E}.Debug|Any CPU.ActiveCfg = Debug|Any CPU
		{810F0B0F-251B-41B0-B72D-6CAC1CF0AD8E}.Debug|Any CPU.Build.0 = Debug|Any CPU
		{810F0B0F-251B-41B0-B72D-6CAC1CF0AD8E}.Release|Any CPU.ActiveCfg = Release|Any CPU
		{810F0B0F-251B-41B0-B72D-6CAC1CF0AD8E}.Release|Any CPU.Build.0 = Release|Any CPU
		{8335C020-6A6A-4624-9A42-3D336E79F8A0}.Debug|Any CPU.ActiveCfg = Debug|Any CPU
		{8335C020-6A6A-4624-9A42-3D336E79F8A0}.Debug|Any CPU.Build.0 = Debug|Any CPU
		{8335C020-6A6A-4624-9A42-3D336E79F8A0}.Release|Any CPU.ActiveCfg = Release|Any CPU
		{8335C020-6A6A-4624-9A42-3D336E79F8A0}.Release|Any CPU.Build.0 = Release|Any CPU
		{E5C60062-42CF-43EF-97F0-9D304276CAB6}.Debug|Any CPU.ActiveCfg = Debug|Any CPU
		{E5C60062-42CF-43EF-97F0-9D304276CAB6}.Debug|Any CPU.Build.0 = Debug|Any CPU
		{E5C60062-42CF-43EF-97F0-9D304276CAB6}.Release|Any CPU.ActiveCfg = Release|Any CPU
		{E5C60062-42CF-43EF-97F0-9D304276CAB6}.Release|Any CPU.Build.0 = Release|Any CPU
		{E42579E2-FE68-482D-AED8-D950D6844E37}.Debug|Any CPU.ActiveCfg = Debug|Any CPU
		{E42579E2-FE68-482D-AED8-D950D6844E37}.Debug|Any CPU.Build.0 = Debug|Any CPU
		{E42579E2-FE68-482D-AED8-D950D6844E37}.Release|Any CPU.ActiveCfg = Release|Any CPU
		{E42579E2-FE68-482D-AED8-D950D6844E37}.Release|Any CPU.Build.0 = Release|Any CPU
		{BC0CEF79-28B4-458C-832A-3B3AEBBBA1BA}.Debug|Any CPU.ActiveCfg = Debug|Any CPU
		{BC0CEF79-28B4-458C-832A-3B3AEBBBA1BA}.Debug|Any CPU.Build.0 = Debug|Any CPU
		{BC0CEF79-28B4-458C-832A-3B3AEBBBA1BA}.Release|Any CPU.ActiveCfg = Release|Any CPU
		{BC0CEF79-28B4-458C-832A-3B3AEBBBA1BA}.Release|Any CPU.Build.0 = Release|Any CPU
		{4BC778A5-D823-48FD-A0A0-F65F59A1B184}.Debug|Any CPU.ActiveCfg = Debug|Any CPU
		{4BC778A5-D823-48FD-A0A0-F65F59A1B184}.Debug|Any CPU.Build.0 = Debug|Any CPU
		{4BC778A5-D823-48FD-A0A0-F65F59A1B184}.Release|Any CPU.ActiveCfg = Release|Any CPU
		{4BC778A5-D823-48FD-A0A0-F65F59A1B184}.Release|Any CPU.Build.0 = Release|Any CPU
		{A16AFDD2-AE90-416B-9872-076951547702}.Debug|Any CPU.ActiveCfg = Debug|Any CPU
		{A16AFDD2-AE90-416B-9872-076951547702}.Debug|Any CPU.Build.0 = Debug|Any CPU
		{A16AFDD2-AE90-416B-9872-076951547702}.Release|Any CPU.ActiveCfg = Release|Any CPU
		{A16AFDD2-AE90-416B-9872-076951547702}.Release|Any CPU.Build.0 = Release|Any CPU
		{9E46889B-772D-4C93-99F4-C56BC73B706A}.Debug|Any CPU.ActiveCfg = Debug|Any CPU
		{9E46889B-772D-4C93-99F4-C56BC73B706A}.Debug|Any CPU.Build.0 = Debug|Any CPU
		{9E46889B-772D-4C93-99F4-C56BC73B706A}.Release|Any CPU.ActiveCfg = Release|Any CPU
		{9E46889B-772D-4C93-99F4-C56BC73B706A}.Release|Any CPU.Build.0 = Release|Any CPU
		{EB4B2A79-45CD-4979-A3AD-EBFD516FD5F9}.Debug|Any CPU.ActiveCfg = Debug|Any CPU
		{EB4B2A79-45CD-4979-A3AD-EBFD516FD5F9}.Debug|Any CPU.Build.0 = Debug|Any CPU
		{EB4B2A79-45CD-4979-A3AD-EBFD516FD5F9}.Release|Any CPU.ActiveCfg = Release|Any CPU
		{EB4B2A79-45CD-4979-A3AD-EBFD516FD5F9}.Release|Any CPU.Build.0 = Release|Any CPU
		{DF015CBB-188A-45F2-8A35-FC3F03E6717C}.Debug|Any CPU.ActiveCfg = Debug|Any CPU
		{DF015CBB-188A-45F2-8A35-FC3F03E6717C}.Debug|Any CPU.Build.0 = Debug|Any CPU
		{DF015CBB-188A-45F2-8A35-FC3F03E6717C}.Release|Any CPU.ActiveCfg = Release|Any CPU
		{DF015CBB-188A-45F2-8A35-FC3F03E6717C}.Release|Any CPU.Build.0 = Release|Any CPU
	EndGlobalSection
	GlobalSection(SolutionProperties) = preSolution
		HideSolutionNode = FALSE
	EndGlobalSection
EndGlobal
