
Microsoft Visual Studio Solution File, Format Version 12.00
# Visual Studio 14
VisualStudioVersion = 14.0.25123.0
MinimumVisualStudioVersion = 10.0.40219.1
Project("{FAE04EC0-301F-11D3-BF4B-00C04F79EFBC}") = "02. Reverse string", "02. Reverse string\02. Reverse string.csproj", "{B00F706D-93FB-4DFC-882A-C0050D2A772F}"
EndProject
Project("{FAE04EC0-301F-11D3-BF4B-00C04F79EFBC}") = "03. Correct brackets", "03. Correct brackets\03. Correct brackets.csproj", "{6C1D8FB4-99F2-4978-B12E-8C4D6BEBB4F3}"
EndProject
Project("{FAE04EC0-301F-11D3-BF4B-00C04F79EFBC}") = "04. Sub-string in text", "04. Sub-string in text\04. Sub-string in text.csproj", "{646278D0-710D-4527-AD04-F17B79D5D294}"
EndProject
Project("{FAE04EC0-301F-11D3-BF4B-00C04F79EFBC}") = "05. Parse tags", "05. Parse tags\05. Parse tags.csproj", "{2C8A9CDB-E00B-4483-B731-0A4B8E0251ED}"
EndProject
Project("{FAE04EC0-301F-11D3-BF4B-00C04F79EFBC}") = "06. String length", "06. String length\06. String length.csproj", "{08E648A7-4FBB-461B-83E0-3ACB1C5CA172}"
EndProject
Project("{FAE04EC0-301F-11D3-BF4B-00C04F79EFBC}") = "07. Encode-decode", "07. Encode-decode\07. Encode-decode.csproj", "{DBE72C2B-37C7-48F4-8771-C4380569766C}"
EndProject
Project("{FAE04EC0-301F-11D3-BF4B-00C04F79EFBC}") = "08. Extract sentences", "08. Extract sentences\08. Extract sentences.csproj", "{F1DD0ADA-2D3A-4795-BDC2-8E7991423E99}"
EndProject
Project("{FAE04EC0-301F-11D3-BF4B-00C04F79EFBC}") = "09. Forbidden words", "09. Forbidden words\09. Forbidden words.csproj", "{31403095-7D64-4250-8A47-C7E2B79D2257}"
EndProject
Project("{FAE04EC0-301F-11D3-BF4B-00C04F79EFBC}") = "10. Unicode characters", "10. Unicode characters\10. Unicode characters.csproj", "{75908E65-E2FE-43D9-8D15-DC13D3AE4669}"
EndProject
Project("{FAE04EC0-301F-11D3-BF4B-00C04F79EFBC}") = "11. Format number", "11. Format number\11. Format number.csproj", "{B3FA254D-30D0-492D-BCD5-14B055BC6F80}"
EndProject
Project("{FAE04EC0-301F-11D3-BF4B-00C04F79EFBC}") = "12. Parse URL", "12. Parse URL\12. Parse URL.csproj", "{3F511B75-A10E-4310-8F75-EEBA9BCE2BE1}"
EndProject
Global
	GlobalSection(SolutionConfigurationPlatforms) = preSolution
		Debug|Any CPU = Debug|Any CPU
		Release|Any CPU = Release|Any CPU
	EndGlobalSection
	GlobalSection(ProjectConfigurationPlatforms) = postSolution
		{B00F706D-93FB-4DFC-882A-C0050D2A772F}.Debug|Any CPU.ActiveCfg = Debug|Any CPU
		{B00F706D-93FB-4DFC-882A-C0050D2A772F}.Debug|Any CPU.Build.0 = Debug|Any CPU
		{B00F706D-93FB-4DFC-882A-C0050D2A772F}.Release|Any CPU.ActiveCfg = Release|Any CPU
		{B00F706D-93FB-4DFC-882A-C0050D2A772F}.Release|Any CPU.Build.0 = Release|Any CPU
		{6C1D8FB4-99F2-4978-B12E-8C4D6BEBB4F3}.Debug|Any CPU.ActiveCfg = Debug|Any CPU
		{6C1D8FB4-99F2-4978-B12E-8C4D6BEBB4F3}.Debug|Any CPU.Build.0 = Debug|Any CPU
		{6C1D8FB4-99F2-4978-B12E-8C4D6BEBB4F3}.Release|Any CPU.ActiveCfg = Release|Any CPU
		{6C1D8FB4-99F2-4978-B12E-8C4D6BEBB4F3}.Release|Any CPU.Build.0 = Release|Any CPU
		{646278D0-710D-4527-AD04-F17B79D5D294}.Debug|Any CPU.ActiveCfg = Debug|Any CPU
		{646278D0-710D-4527-AD04-F17B79D5D294}.Debug|Any CPU.Build.0 = Debug|Any CPU
		{646278D0-710D-4527-AD04-F17B79D5D294}.Release|Any CPU.ActiveCfg = Release|Any CPU
		{646278D0-710D-4527-AD04-F17B79D5D294}.Release|Any CPU.Build.0 = Release|Any CPU
		{2C8A9CDB-E00B-4483-B731-0A4B8E0251ED}.Debug|Any CPU.ActiveCfg = Debug|Any CPU
		{2C8A9CDB-E00B-4483-B731-0A4B8E0251ED}.Debug|Any CPU.Build.0 = Debug|Any CPU
		{2C8A9CDB-E00B-4483-B731-0A4B8E0251ED}.Release|Any CPU.ActiveCfg = Release|Any CPU
		{2C8A9CDB-E00B-4483-B731-0A4B8E0251ED}.Release|Any CPU.Build.0 = Release|Any CPU
		{08E648A7-4FBB-461B-83E0-3ACB1C5CA172}.Debug|Any CPU.ActiveCfg = Debug|Any CPU
		{08E648A7-4FBB-461B-83E0-3ACB1C5CA172}.Debug|Any CPU.Build.0 = Debug|Any CPU
		{08E648A7-4FBB-461B-83E0-3ACB1C5CA172}.Release|Any CPU.ActiveCfg = Release|Any CPU
		{08E648A7-4FBB-461B-83E0-3ACB1C5CA172}.Release|Any CPU.Build.0 = Release|Any CPU
		{DBE72C2B-37C7-48F4-8771-C4380569766C}.Debug|Any CPU.ActiveCfg = Debug|Any CPU
		{DBE72C2B-37C7-48F4-8771-C4380569766C}.Debug|Any CPU.Build.0 = Debug|Any CPU
		{DBE72C2B-37C7-48F4-8771-C4380569766C}.Release|Any CPU.ActiveCfg = Release|Any CPU
		{DBE72C2B-37C7-48F4-8771-C4380569766C}.Release|Any CPU.Build.0 = Release|Any CPU
		{F1DD0ADA-2D3A-4795-BDC2-8E7991423E99}.Debug|Any CPU.ActiveCfg = Debug|Any CPU
		{F1DD0ADA-2D3A-4795-BDC2-8E7991423E99}.Debug|Any CPU.Build.0 = Debug|Any CPU
		{F1DD0ADA-2D3A-4795-BDC2-8E7991423E99}.Release|Any CPU.ActiveCfg = Release|Any CPU
		{F1DD0ADA-2D3A-4795-BDC2-8E7991423E99}.Release|Any CPU.Build.0 = Release|Any CPU
		{31403095-7D64-4250-8A47-C7E2B79D2257}.Debug|Any CPU.ActiveCfg = Debug|Any CPU
		{31403095-7D64-4250-8A47-C7E2B79D2257}.Debug|Any CPU.Build.0 = Debug|Any CPU
		{31403095-7D64-4250-8A47-C7E2B79D2257}.Release|Any CPU.ActiveCfg = Release|Any CPU
		{31403095-7D64-4250-8A47-C7E2B79D2257}.Release|Any CPU.Build.0 = Release|Any CPU
		{75908E65-E2FE-43D9-8D15-DC13D3AE4669}.Debug|Any CPU.ActiveCfg = Debug|Any CPU
		{75908E65-E2FE-43D9-8D15-DC13D3AE4669}.Debug|Any CPU.Build.0 = Debug|Any CPU
		{75908E65-E2FE-43D9-8D15-DC13D3AE4669}.Release|Any CPU.ActiveCfg = Release|Any CPU
		{75908E65-E2FE-43D9-8D15-DC13D3AE4669}.Release|Any CPU.Build.0 = Release|Any CPU
		{B3FA254D-30D0-492D-BCD5-14B055BC6F80}.Debug|Any CPU.ActiveCfg = Debug|Any CPU
		{B3FA254D-30D0-492D-BCD5-14B055BC6F80}.Debug|Any CPU.Build.0 = Debug|Any CPU
		{B3FA254D-30D0-492D-BCD5-14B055BC6F80}.Release|Any CPU.ActiveCfg = Release|Any CPU
		{B3FA254D-30D0-492D-BCD5-14B055BC6F80}.Release|Any CPU.Build.0 = Release|Any CPU
		{3F511B75-A10E-4310-8F75-EEBA9BCE2BE1}.Debug|Any CPU.ActiveCfg = Debug|Any CPU
		{3F511B75-A10E-4310-8F75-EEBA9BCE2BE1}.Debug|Any CPU.Build.0 = Debug|Any CPU
		{3F511B75-A10E-4310-8F75-EEBA9BCE2BE1}.Release|Any CPU.ActiveCfg = Release|Any CPU
		{3F511B75-A10E-4310-8F75-EEBA9BCE2BE1}.Release|Any CPU.Build.0 = Release|Any CPU
	EndGlobalSection
	GlobalSection(SolutionProperties) = preSolution
		HideSolutionNode = FALSE
	EndGlobalSection
EndGlobal
